
Microsoft Visual Studio Solution File, Format Version 11.00
# Visual Studio 2010
Project("{8BC9CEB8-8B4A-11D0-8D11-00A0C91BC942}") = "HTSim", "HTSim\HTSim.vcxproj", "{58BCDF77-784F-40E9-AD5B-D47E1EFB4EC6}"
EndProject
Project("{8BC9CEB8-8B4A-11D0-8D11-00A0C91BC942}") = "TNMDriver", "HTSDriver\TNMDriver.vcxproj", "{94A92E29-D0A0-4E4F-90AE-8883484A1C8E}"
EndProject
Project("{8BC9CEB8-8B4A-11D0-8D11-00A0C91BC942}") = "TNM", "..\TNMAT\TNM\TNM.vcxproj", "{C3FDC712-32E1-4613-83BC-EC27052B5F91}"
EndProject
Global
	GlobalSection(SolutionConfigurationPlatforms) = preSolution
		Debug|Win32 = Debug|Win32
		Debug|x64 = Debug|x64
		Release|Win32 = Release|Win32
		Release|x64 = Release|x64
	EndGlobalSection
	GlobalSection(ProjectConfigurationPlatforms) = postSolution
		{58BCDF77-784F-40E9-AD5B-D47E1EFB4EC6}.Debug|Win32.ActiveCfg = Debug|Win32
		{58BCDF77-784F-40E9-AD5B-D47E1EFB4EC6}.Debug|Win32.Build.0 = Debug|Win32
		{58BCDF77-784F-40E9-AD5B-D47E1EFB4EC6}.Debug|x64.ActiveCfg = Debug|x64
		{58BCDF77-784F-40E9-AD5B-D47E1EFB4EC6}.Debug|x64.Build.0 = Debug|x64
		{58BCDF77-784F-40E9-AD5B-D47E1EFB4EC6}.Release|Win32.ActiveCfg = Release|Win32
		{58BCDF77-784F-40E9-AD5B-D47E1EFB4EC6}.Release|Win32.Build.0 = Release|Win32
		{58BCDF77-784F-40E9-AD5B-D47E1EFB4EC6}.Release|x64.ActiveCfg = Release|x64
		{58BCDF77-784F-40E9-AD5B-D47E1EFB4EC6}.Release|x64.Build.0 = Release|x64
		{94A92E29-D0A0-4E4F-90AE-8883484A1C8E}.Debug|Win32.ActiveCfg = Debug|Win32
		{94A92E29-D0A0-4E4F-90AE-8883484A1C8E}.Debug|Win32.Build.0 = Debug|Win32
		{94A92E29-D0A0-4E4F-90AE-8883484A1C8E}.Debug|x64.ActiveCfg = Debug|x64
		{94A92E29-D0A0-4E4F-90AE-8883484A1C8E}.Debug|x64.Build.0 = Debug|x64
		{94A92E29-D0A0-4E4F-90AE-8883484A1C8E}.Release|Win32.ActiveCfg = Release|Win32
		{94A92E29-D0A0-4E4F-90AE-8883484A1C8E}.Release|Win32.Build.0 = Release|Win32
		{94A92E29-D0A0-4E4F-90AE-8883484A1C8E}.Release|x64.ActiveCfg = Release|x64
		{94A92E29-D0A0-4E4F-90AE-8883484A1C8E}.Release|x64.Build.0 = Release|x64
		{C3FDC712-32E1-4613-83BC-EC27052B5F91}.Debug|Win32.ActiveCfg = Debug|Win32
		{C3FDC712-32E1-4613-83BC-EC27052B5F91}.Debug|Win32.Build.0 = Debug|Win32
		{C3FDC712-32E1-4613-83BC-EC27052B5F91}.Debug|x64.ActiveCfg = Debug|x64
		{C3FDC712-32E1-4613-83BC-EC27052B5F91}.Debug|x64.Build.0 = Debug|x64
		{C3FDC712-32E1-4613-83BC-EC27052B5F91}.Release|Win32.ActiveCfg = Release|Win32
		{C3FDC712-32E1-4613-83BC-EC27052B5F91}.Release|Win32.Build.0 = Release|Win32
		{C3FDC712-32E1-4613-83BC-EC27052B5F91}.Release|x64.ActiveCfg = Release|x64
		{C3FDC712-32E1-4613-83BC-EC27052B5F91}.Release|x64.Build.0 = Release|x64
	EndGlobalSection
	GlobalSection(SolutionProperties) = preSolution
		HideSolutionNode = FALSE
	EndGlobalSection
EndGlobal
